{
  "name": "TecmoTourney",
  "lockfileVersion": 2,
  "requires": true,
  "packages": {
    "": {
      "dependencies": {
        "bootstrap": "^5.3.3",
        "ngx-bootstrap": "^18.0.2"
      }
    },
    "node_modules/@angular/animations": {
      "version": "18.1.4",
      "resolved": "https://registry.npmjs.org/@angular/animations/-/animations-18.1.4.tgz",
      "integrity": "sha512-m0yusB7BI3wrotx9F9rf7YUD5bvhF+lT2fLNF1QCzCU819rtLnDoj0b4/z+D0i5qe7gQjtAJ42e/Hv7eGuq0VQ==",
      "peer": true,
      "dependencies": {
        "tslib": "^2.3.0"
      },
      "engines": {
        "node": "^18.19.1 || ^20.11.1 || >=22.0.0"
      },
      "peerDependencies": {
        "@angular/core": "18.1.4"
      }
    },
    "node_modules/@angular/common": {
      "version": "18.1.4",
      "resolved": "https://registry.npmjs.org/@angular/common/-/common-18.1.4.tgz",
      "integrity": "sha512-No4lCrL80WlAGg0DAyuPW+jsfA6EIQ06CFrRgt3R6YFrKbIuU0NKUt+D8IB7UNgTLNYXmurxapNf8jef8rq1wg==",
      "peer": true,
      "dependencies": {
        "tslib": "^2.3.0"
      },
      "engines": {
        "node": "^18.19.1 || ^20.11.1 || >=22.0.0"
      },
      "peerDependencies": {
        "@angular/core": "18.1.4",
        "rxjs": "^6.5.3 || ^7.4.0"
      }
    },
    "node_modules/@angular/core": {
      "version": "18.1.4",
      "resolved": "https://registry.npmjs.org/@angular/core/-/core-18.1.4.tgz",
      "integrity": "sha512-+N3oWYFubT3GdCkBfD/CmH4DGjr/fGFQZChWbph2ZuPpK7JYNgfyvXS4SjLtdL4WTjjBevBTgR70GyLH/5EbKA==",
      "peer": true,
      "dependencies": {
        "tslib": "^2.3.0"
      },
      "engines": {
        "node": "^18.19.1 || ^20.11.1 || >=22.0.0"
      },
      "peerDependencies": {
        "rxjs": "^6.5.3 || ^7.4.0",
        "zone.js": "~0.14.0"
      }
    },
    "node_modules/@angular/forms": {
      "version": "18.1.4",
      "resolved": "https://registry.npmjs.org/@angular/forms/-/forms-18.1.4.tgz",
      "integrity": "sha512-PYaQ7/2toAwgJWIznVWgJAd3l8mjAreilGOVIMbBIaotL/EHRQjhlikitJEFDGXeVUarY/rm3IlLWBYnLyliyg==",
      "peer": true,
      "dependencies": {
        "tslib": "^2.3.0"
      },
      "engines": {
        "node": "^18.19.1 || ^20.11.1 || >=22.0.0"
      },
      "peerDependencies": {
        "@angular/common": "18.1.4",
        "@angular/core": "18.1.4",
        "@angular/platform-browser": "18.1.4",
        "rxjs": "^6.5.3 || ^7.4.0"
      }
    },
    "node_modules/@angular/platform-browser": {
      "version": "18.1.4",
      "resolved": "https://registry.npmjs.org/@angular/platform-browser/-/platform-browser-18.1.4.tgz",
      "integrity": "sha512-zGx33St0JVYT8EZOaf0s8Twr0RgfU2cqEAc9Wwx9HVJ0pF5y4VnftK3pewwiHWDHkPfiJy0jBKbtrkVUSbgZfg==",
      "peer": true,
      "dependencies": {
        "tslib": "^2.3.0"
      },
      "engines": {
        "node": "^18.19.1 || ^20.11.1 || >=22.0.0"
      },
      "peerDependencies": {
        "@angular/animations": "18.1.4",
        "@angular/common": "18.1.4",
        "@angular/core": "18.1.4"
      },
      "peerDependenciesMeta": {
        "@angular/animations": {
          "optional": true
        }
      }
    },
    "node_modules/@popperjs/core": {
      "version": "2.11.8",
      "resolved": "https://registry.npmjs.org/@popperjs/core/-/core-2.11.8.tgz",
      "integrity": "sha512-P1st0aksCrn9sGZhp8GMYwBnQsbvAWsZAX44oXNNvLHGqAOcoVxmjZiohstwQ7SqKnbR47akdNi+uleWD8+g6A==",
      "peer": true,
      "funding": {
        "type": "opencollective",
        "url": "https://opencollective.com/popperjs"
      }
    },
    "node_modules/bootstrap": {
      "version": "5.3.3",
      "resolved": "https://registry.npmjs.org/bootstrap/-/bootstrap-5.3.3.tgz",
      "integrity": "sha512-8HLCdWgyoMguSO9o+aH+iuZ+aht+mzW0u3HIMzVu7Srrpv7EBBxTnrFlSCskwdY1+EOFQSm7uMJhNQHkdPcmjg==",
      "funding": [
        {
          "type": "github",
          "url": "https://github.com/sponsors/twbs"
        },
        {
          "type": "opencollective",
          "url": "https://opencollective.com/bootstrap"
        }
      ],
      "peerDependencies": {
        "@popperjs/core": "^2.11.8"
      }
    },
    "node_modules/ngx-bootstrap": {
      "version": "18.0.2",
      "resolved": "https://registry.npmjs.org/ngx-bootstrap/-/ngx-bootstrap-18.0.2.tgz",
      "integrity": "sha512-fmbLL4dCgPOTZxBMHpJFabHtOXM02b0atHW6queXbFnSouy5jC3UQ0tdcdD2k09H2x2aeRenMt6AcmPcwyoFSg==",
      "dependencies": {
        "tslib": "^2.3.0"
      },
      "peerDependencies": {
        "@angular/animations": "^18.0.1",
        "@angular/common": "^18.0.1",
        "@angular/core": "^18.0.1",
        "@angular/forms": "^18.0.1",
        "rxjs": "^6.5.3 || ^7.4.0"
      }
    },
    "node_modules/rxjs": {
      "version": "7.8.1",
      "resolved": "https://registry.npmjs.org/rxjs/-/rxjs-7.8.1.tgz",
      "integrity": "sha512-AA3TVj+0A2iuIoQkWEK/tqFjBq2j+6PO6Y0zJcvzLAFhEFIO3HL0vls9hWLncZbAAbK0mar7oZ4V079I/qPMxg==",
      "peer": true,
      "dependencies": {
        "tslib": "^2.1.0"
      }
    },
    "node_modules/tslib": {
      "version": "2.6.3",
      "resolved": "https://registry.npmjs.org/tslib/-/tslib-2.6.3.tgz",
      "integrity": "sha512-xNvxJEOUiWPGhUuUdQgAJPKOOJfGnIyKySOc09XkKsgdUV/3E2zvwZYdejjmRgPCgcym1juLH3226yA7sEFJKQ=="
    },
    "node_modules/zone.js": {
      "version": "0.14.10",
      "resolved": "https://registry.npmjs.org/zone.js/-/zone.js-0.14.10.tgz",
      "integrity": "sha512-YGAhaO7J5ywOXW6InXNlLmfU194F8lVgu7bRntUF3TiG8Y3nBK0x1UJJuHUP/e8IyihkjCYqhCScpSwnlaSRkQ==",
      "peer": true
    }
  },
  "dependencies": {
    "@angular/animations": {
      "version": "18.1.4",
      "resolved": "https://registry.npmjs.org/@angular/animations/-/animations-18.1.4.tgz",
      "integrity": "sha512-m0yusB7BI3wrotx9F9rf7YUD5bvhF+lT2fLNF1QCzCU819rtLnDoj0b4/z+D0i5qe7gQjtAJ42e/Hv7eGuq0VQ==",
      "peer": true,
      "requires": {
        "tslib": "^2.3.0"
      }
    },
    "@angular/common": {
      "version": "18.1.4",
      "resolved": "https://registry.npmjs.org/@angular/common/-/common-18.1.4.tgz",
      "integrity": "sha512-No4lCrL80WlAGg0DAyuPW+jsfA6EIQ06CFrRgt3R6YFrKbIuU0NKUt+D8IB7UNgTLNYXmurxapNf8jef8rq1wg==",
      "peer": true,
      "requires": {
        "tslib": "^2.3.0"
      }
    },
    "@angular/core": {
      "version": "18.1.4",
      "resolved": "https://registry.npmjs.org/@angular/core/-/core-18.1.4.tgz",
      "integrity": "sha512-+N3oWYFubT3GdCkBfD/CmH4DGjr/fGFQZChWbph2ZuPpK7JYNgfyvXS4SjLtdL4WTjjBevBTgR70GyLH/5EbKA==",
      "peer": true,
      "requires": {
        "tslib": "^2.3.0"
      }
    },
    "@angular/forms": {
      "version": "18.1.4",
      "resolved": "https://registry.npmjs.org/@angular/forms/-/forms-18.1.4.tgz",
      "integrity": "sha512-PYaQ7/2toAwgJWIznVWgJAd3l8mjAreilGOVIMbBIaotL/EHRQjhlikitJEFDGXeVUarY/rm3IlLWBYnLyliyg==",
      "peer": true,
      "requires": {
        "tslib": "^2.3.0"
      }
    },
    "@angular/platform-browser": {
      "version": "18.1.4",
      "resolved": "https://registry.npmjs.org/@angular/platform-browser/-/platform-browser-18.1.4.tgz",
      "integrity": "sha512-zGx33St0JVYT8EZOaf0s8Twr0RgfU2cqEAc9Wwx9HVJ0pF5y4VnftK3pewwiHWDHkPfiJy0jBKbtrkVUSbgZfg==",
      "peer": true,
      "requires": {
        "tslib": "^2.3.0"
      }
    },
    "@popperjs/core": {
      "version": "2.11.8",
      "resolved": "https://registry.npmjs.org/@popperjs/core/-/core-2.11.8.tgz",
      "integrity": "sha512-P1st0aksCrn9sGZhp8GMYwBnQsbvAWsZAX44oXNNvLHGqAOcoVxmjZiohstwQ7SqKnbR47akdNi+uleWD8+g6A==",
      "peer": true
    },
    "bootstrap": {
      "version": "5.3.3",
      "resolved": "https://registry.npmjs.org/bootstrap/-/bootstrap-5.3.3.tgz",
      "integrity": "sha512-8HLCdWgyoMguSO9o+aH+iuZ+aht+mzW0u3HIMzVu7Srrpv7EBBxTnrFlSCskwdY1+EOFQSm7uMJhNQHkdPcmjg==",
      "requires": {}
    },
    "ngx-bootstrap": {
      "version": "18.0.2",
      "resolved": "https://registry.npmjs.org/ngx-bootstrap/-/ngx-bootstrap-18.0.2.tgz",
      "integrity": "sha512-fmbLL4dCgPOTZxBMHpJFabHtOXM02b0atHW6queXbFnSouy5jC3UQ0tdcdD2k09H2x2aeRenMt6AcmPcwyoFSg==",
      "requires": {
        "tslib": "^2.3.0"
      }
    },
    "rxjs": {
      "version": "7.8.1",
      "resolved": "https://registry.npmjs.org/rxjs/-/rxjs-7.8.1.tgz",
      "integrity": "sha512-AA3TVj+0A2iuIoQkWEK/tqFjBq2j+6PO6Y0zJcvzLAFhEFIO3HL0vls9hWLncZbAAbK0mar7oZ4V079I/qPMxg==",
      "peer": true,
      "requires": {
        "tslib": "^2.1.0"
      }
    },
    "tslib": {
      "version": "2.6.3",
      "resolved": "https://registry.npmjs.org/tslib/-/tslib-2.6.3.tgz",
      "integrity": "sha512-xNvxJEOUiWPGhUuUdQgAJPKOOJfGnIyKySOc09XkKsgdUV/3E2zvwZYdejjmRgPCgcym1juLH3226yA7sEFJKQ=="
    },
    "zone.js": {
      "version": "0.14.10",
      "resolved": "https://registry.npmjs.org/zone.js/-/zone.js-0.14.10.tgz",
      "integrity": "sha512-YGAhaO7J5ywOXW6InXNlLmfU194F8lVgu7bRntUF3TiG8Y3nBK0x1UJJuHUP/e8IyihkjCYqhCScpSwnlaSRkQ==",
      "peer": true
    }
  }
}
